
Microsoft Visual Studio Solution File, Format Version 11.00
# Visual Studio 2010
Project("{FAE04EC0-301F-11D3-BF4B-00C04F79EFBC}") = "DearPet", "Assembly-CSharp.csproj", "{81473917-63E4-4A25-44F5-8043122AECF7}"
EndProject
Global
	GlobalSection(SolutionConfigurationPlatforms) = preSolution
		Debug|Any CPU = Debug|Any CPU
		Release|Any CPU = Release|Any CPU
	EndGlobalSection
	GlobalSection(ProjectConfigurationPlatforms) = postSolution
		{81473917-63E4-4A25-44F5-8043122AECF7}.Debug|Any CPU.ActiveCfg = Debug|Any CPU
		{81473917-63E4-4A25-44F5-8043122AECF7}.Debug|Any CPU.Build.0 = Debug|Any CPU
		{81473917-63E4-4A25-44F5-8043122AECF7}.Release|Any CPU.ActiveCfg = Release|Any CPU
		{81473917-63E4-4A25-44F5-8043122AECF7}.Release|Any CPU.Build.0 = Release|Any CPU
	EndGlobalSection
	GlobalSection(SolutionProperties) = preSolution
		HideSolutionNode = FALSE
	EndGlobalSection
	GlobalSection(MonoDevelopProperties) = preSolution
		StartupItem = Assembly-CSharp.csproj
	EndGlobalSection
EndGlobal
